
Microsoft Visual Studio Solution File, Format Version 12.00
# Visual Studio Version 17
VisualStudioVersion = 17.7.34031.279
MinimumVisualStudioVersion = 10.0.40219.1
Project("{9A19103F-16F7-4668-BE54-9A1E7A4F7556}") = "RxUIExt", "RxUIExt\RxUIExt.csproj", "{19279A16-1B7B-42CE-8613-5C2D9AB506ED}"
EndProject
Project("{9A19103F-16F7-4668-BE54-9A1E7A4F7556}") = "RxUIExt.Windsor", "RxUIExt.Windsor\RxUIExt.Windsor.csproj", "{57EB84A3-BBFB-4B0A-81B4-C5850849B299}"
EndProject
Project("{FAE04EC0-301F-11D3-BF4B-00C04F79EFBC}") = "RxUIExt.WinUI", "RxUIExt.WinUI\RxUIExt.WinUI.csproj", "{D1A273F5-B80B-4862-B1DA-B2A4F6860F86}"
EndProject
Global
	GlobalSection(SolutionConfigurationPlatforms) = preSolution
		Debug|Any CPU = Debug|Any CPU
		Release|Any CPU = Release|Any CPU
	EndGlobalSection
	GlobalSection(ProjectConfigurationPlatforms) = postSolution
		{19279A16-1B7B-42CE-8613-5C2D9AB506ED}.Debug|Any CPU.ActiveCfg = Debug|Any CPU
		{19279A16-1B7B-42CE-8613-5C2D9AB506ED}.Debug|Any CPU.Build.0 = Debug|Any CPU
		{19279A16-1B7B-42CE-8613-5C2D9AB506ED}.Release|Any CPU.ActiveCfg = Release|Any CPU
		{19279A16-1B7B-42CE-8613-5C2D9AB506ED}.Release|Any CPU.Build.0 = Release|Any CPU
		{57EB84A3-BBFB-4B0A-81B4-C5850849B299}.Debug|Any CPU.ActiveCfg = Debug|Any CPU
		{57EB84A3-BBFB-4B0A-81B4-C5850849B299}.Debug|Any CPU.Build.0 = Debug|Any CPU
		{57EB84A3-BBFB-4B0A-81B4-C5850849B299}.Release|Any CPU.ActiveCfg = Release|Any CPU
		{57EB84A3-BBFB-4B0A-81B4-C5850849B299}.Release|Any CPU.Build.0 = Release|Any CPU
		{D1A273F5-B80B-4862-B1DA-B2A4F6860F86}.Debug|Any CPU.ActiveCfg = Debug|Any CPU
		{D1A273F5-B80B-4862-B1DA-B2A4F6860F86}.Debug|Any CPU.Build.0 = Debug|Any CPU
		{D1A273F5-B80B-4862-B1DA-B2A4F6860F86}.Release|Any CPU.ActiveCfg = Release|Any CPU
		{D1A273F5-B80B-4862-B1DA-B2A4F6860F86}.Release|Any CPU.Build.0 = Release|Any CPU
	EndGlobalSection
	GlobalSection(SolutionProperties) = preSolution
		HideSolutionNode = FALSE
	EndGlobalSection
	GlobalSection(ExtensibilityGlobals) = postSolution
		SolutionGuid = {F37C1E53-4ADB-468A-BC50-7B0549E5EFB8}
	EndGlobalSection
EndGlobal
